// !$*UTF8*$!
{
	archiveVersion = 1;
	classes = {
	};
	objectVersion = 52;
	objects = {

/* Begin PBXBuildFile section */
		2307976824D75247004060F7 /* LoadingViewController.swift in Sources */ = {isa = PBXBuildFile; fileRef = 2307976724D75247004060F7 /* LoadingViewController.swift */; };
		2307976A24D75275004060F7 /* ChildViewControllerExtension.swift in Sources */ = {isa = PBXBuildFile; fileRef = 2307976924D75275004060F7 /* ChildViewControllerExtension.swift */; };
		231354CB24E6FFE000724A47 /* OnboardingLocationViewController.swift in Sources */ = {isa = PBXBuildFile; fileRef = 231354CA24E6FFE000724A47 /* OnboardingLocationViewController.swift */; };
		231354CD24E70A7400724A47 /* LocationTextFieldDelegate.swift in Sources */ = {isa = PBXBuildFile; fileRef = 231354CC24E70A7400724A47 /* LocationTextFieldDelegate.swift */; };
		231E3FBA24B46434004BF726 /* Settings.storyboard in Resources */ = {isa = PBXBuildFile; fileRef = 231E3FB824B46434004BF726 /* Settings.storyboard */; };
		232D1CF624B2651400E74A7B /* QiblaViewController.swift in Sources */ = {isa = PBXBuildFile; fileRef = 232D1CF524B2651400E74A7B /* QiblaViewController.swift */; };
		23553DC024D81C5A00B1535D /* DefaultsManager.swift in Sources */ = {isa = PBXBuildFile; fileRef = 23553DBF24D81C5A00B1535D /* DefaultsManager.swift */; };
		23553DC624D8278F00B1535D /* RoundedViewExtension.swift in Sources */ = {isa = PBXBuildFile; fileRef = 23553DC524D8278F00B1535D /* RoundedViewExtension.swift */; };
		23553DC824D84ACE00B1535D /* OnboardingViewController.swift in Sources */ = {isa = PBXBuildFile; fileRef = 23553DC724D84ACE00B1535D /* OnboardingViewController.swift */; };
		2360C5C024B1D8C90092E5DF /* SwiftLocalizedExtension.swift in Sources */ = {isa = PBXBuildFile; fileRef = 2360C5BF24B1D8C90092E5DF /* SwiftLocalizedExtension.swift */; };
		2360C5C324B1DD5F0092E5DF /* Localizable.strings in Resources */ = {isa = PBXBuildFile; fileRef = 2360C5C524B1DD5F0092E5DF /* Localizable.strings */; };
		2360C5C924B205020092E5DF /* Localizable.stringsdict in Resources */ = {isa = PBXBuildFile; fileRef = 2360C5CB24B205020092E5DF /* Localizable.stringsdict */; };
		239415B824C02F4900D91C74 /* CalculationSettingsViewController.swift in Sources */ = {isa = PBXBuildFile; fileRef = 239415B724C02F4900D91C74 /* CalculationSettingsViewController.swift */; };
		239415BA24C0331300D91C74 /* CalculationMethod.swift in Sources */ = {isa = PBXBuildFile; fileRef = 239415B924C0331300D91C74 /* CalculationMethod.swift */; };
		23AD38BA24AA18590071A3DF /* Adhan in Frameworks */ = {isa = PBXBuildFile; productRef = 23AD38B924AA18590071A3DF /* Adhan */; };
		23B315E324DA951A006B3071 /* ManualLocationViewController.swift in Sources */ = {isa = PBXBuildFile; fileRef = 23B315E224DA951A006B3071 /* ManualLocationViewController.swift */; };
		23B6299B24C094C700BFB9DF /* AboutSettingsViewController.swift in Sources */ = {isa = PBXBuildFile; fileRef = 23B6299A24C094C700BFB9DF /* AboutSettingsViewController.swift */; };
		23BBD40824822715003B0EC7 /* DataModel.xcdatamodeld in Sources */ = {isa = PBXBuildFile; fileRef = 23BBD40624822715003B0EC7 /* DataModel.xcdatamodeld */; };
		23BBD40F24828950003B0EC7 /* RootSettingsViewController.swift in Sources */ = {isa = PBXBuildFile; fileRef = 23BBD40E24828950003B0EC7 /* RootSettingsViewController.swift */; };
		23BFD140247D13FA00E0EF2F /* AppDelegate.swift in Sources */ = {isa = PBXBuildFile; fileRef = 23BFD13F247D13FA00E0EF2F /* AppDelegate.swift */; };
		23BFD142247D13FA00E0EF2F /* SceneDelegate.swift in Sources */ = {isa = PBXBuildFile; fileRef = 23BFD141247D13FA00E0EF2F /* SceneDelegate.swift */; };
		23BFD144247D13FA00E0EF2F /* TimesViewController.swift in Sources */ = {isa = PBXBuildFile; fileRef = 23BFD143247D13FA00E0EF2F /* TimesViewController.swift */; };
		23BFD147247D13FA00E0EF2F /* Main.storyboard in Resources */ = {isa = PBXBuildFile; fileRef = 23BFD145247D13FA00E0EF2F /* Main.storyboard */; };
		23BFD149247D13FD00E0EF2F /* Assets.xcassets in Resources */ = {isa = PBXBuildFile; fileRef = 23BFD148247D13FD00E0EF2F /* Assets.xcassets */; };
		23BFD14C247D13FD00E0EF2F /* LaunchScreen.storyboard in Resources */ = {isa = PBXBuildFile; fileRef = 23BFD14A247D13FD00E0EF2F /* LaunchScreen.storyboard */; };
		23BFD156247D2EC000E0EF2F /* PrayerTimesManager.swift in Sources */ = {isa = PBXBuildFile; fileRef = 23BFD155247D2EC000E0EF2F /* PrayerTimesManager.swift */; };
		23BFD159247D318700E0EF2F /* Constants.swift in Sources */ = {isa = PBXBuildFile; fileRef = 23BFD158247D318700E0EF2F /* Constants.swift */; };
		23BFD15B247D342000E0EF2F /* PrayerTimesData.swift in Sources */ = {isa = PBXBuildFile; fileRef = 23BFD15A247D342000E0EF2F /* PrayerTimesData.swift */; };
		23BFD15D247D37A200E0EF2F /* PrayerTimesManagerDelegate.swift in Sources */ = {isa = PBXBuildFile; fileRef = 23BFD15C247D37A200E0EF2F /* PrayerTimesManagerDelegate.swift */; };
		23BFD15F247D390C00E0EF2F /* PrayerTimesModel.swift in Sources */ = {isa = PBXBuildFile; fileRef = 23BFD15E247D390C00E0EF2F /* PrayerTimesModel.swift */; };
		23DB63D524BE14630027EDC3 /* PrayerTimesSettingsViewController.swift in Sources */ = {isa = PBXBuildFile; fileRef = 23DB63D424BE14630027EDC3 /* PrayerTimesSettingsViewController.swift */; };
		23DB63DD24BE27F50027EDC3 /* AppearanceSettingsViewController.swift in Sources */ = {isa = PBXBuildFile; fileRef = 23DB63DC24BE27F50027EDC3 /* AppearanceSettingsViewController.swift */; };
		23E4BA8C24A4AD480018EB87 /* CoreDataHelper.swift in Sources */ = {isa = PBXBuildFile; fileRef = 23E4BA8B24A4AD480018EB87 /* CoreDataHelper.swift */; };
		23E69E2624DB2193008686F2 /* AlertViewController.swift in Sources */ = {isa = PBXBuildFile; fileRef = 23E69E2524DB2193008686F2 /* AlertViewController.swift */; };
		23E69E2824DB26A1008686F2 /* AlertService.swift in Sources */ = {isa = PBXBuildFile; fileRef = 23E69E2724DB26A1008686F2 /* AlertService.swift */; };
		23EDAD9B24E9BDB100E39D92 /* Alert.storyboard in Resources */ = {isa = PBXBuildFile; fileRef = 23EDAD9D24E9BDB100E39D92 /* Alert.storyboard */; };
		23F0AA36247FD78B0013F880 /* Time.swift in Sources */ = {isa = PBXBuildFile; fileRef = 23F0AA35247FD78B0013F880 /* Time.swift */; };
		23FBFE782484DBCD004E11B5 /* PrayerCurrentInformation.swift in Sources */ = {isa = PBXBuildFile; fileRef = 23FBFE772484DBCD004E11B5 /* PrayerCurrentInformation.swift */; };
/* End PBXBuildFile section */

/* Begin PBXFileReference section */
		2307976724D75247004060F7 /* LoadingViewController.swift */ = {isa = PBXFileReference; lastKnownFileType = sourcecode.swift; path = LoadingViewController.swift; sourceTree = "<group>"; };
		2307976924D75275004060F7 /* ChildViewControllerExtension.swift */ = {isa = PBXFileReference; lastKnownFileType = sourcecode.swift; path = ChildViewControllerExtension.swift; sourceTree = "<group>"; };
		231354CA24E6FFE000724A47 /* OnboardingLocationViewController.swift */ = {isa = PBXFileReference; lastKnownFileType = sourcecode.swift; path = OnboardingLocationViewController.swift; sourceTree = "<group>"; };
		231354CC24E70A7400724A47 /* LocationTextFieldDelegate.swift */ = {isa = PBXFileReference; lastKnownFileType = sourcecode.swift; path = LocationTextFieldDelegate.swift; sourceTree = "<group>"; };
		231E3FB924B46434004BF726 /* Base */ = {isa = PBXFileReference; lastKnownFileType = file.storyboard; name = Base; path = Base.lproj/Settings.storyboard; sourceTree = "<group>"; };
		232D1CF524B2651400E74A7B /* QiblaViewController.swift */ = {isa = PBXFileReference; lastKnownFileType = sourcecode.swift; path = QiblaViewController.swift; sourceTree = "<group>"; };
		23553DBF24D81C5A00B1535D /* DefaultsManager.swift */ = {isa = PBXFileReference; lastKnownFileType = sourcecode.swift; path = DefaultsManager.swift; sourceTree = "<group>"; };
		23553DC524D8278F00B1535D /* RoundedViewExtension.swift */ = {isa = PBXFileReference; lastKnownFileType = sourcecode.swift; path = RoundedViewExtension.swift; sourceTree = "<group>"; };
		23553DC724D84ACE00B1535D /* OnboardingViewController.swift */ = {isa = PBXFileReference; lastKnownFileType = sourcecode.swift; path = OnboardingViewController.swift; sourceTree = "<group>"; };
		2360C5BF24B1D8C90092E5DF /* SwiftLocalizedExtension.swift */ = {isa = PBXFileReference; lastKnownFileType = sourcecode.swift; path = SwiftLocalizedExtension.swift; sourceTree = "<group>"; };
		2360C5C424B1DD5F0092E5DF /* en */ = {isa = PBXFileReference; lastKnownFileType = text.plist.strings; name = en; path = en.lproj/Localizable.strings; sourceTree = "<group>"; };
		2360C5C624B1DD620092E5DF /* ar */ = {isa = PBXFileReference; lastKnownFileType = text.plist.strings; name = ar; path = ar.lproj/Localizable.strings; sourceTree = "<group>"; };
		2360C5CA24B205020092E5DF /* en */ = {isa = PBXFileReference; lastKnownFileType = text.plist.stringsdict; name = en; path = en.lproj/Localizable.stringsdict; sourceTree = "<group>"; };
		2360C5CC24B205060092E5DF /* ar */ = {isa = PBXFileReference; lastKnownFileType = text.plist.stringsdict; name = ar; path = ar.lproj/Localizable.stringsdict; sourceTree = "<group>"; };
		2360C5CE24B20E870092E5DF /* fr */ = {isa = PBXFileReference; lastKnownFileType = text.plist.strings; name = fr; path = fr.lproj/Localizable.strings; sourceTree = "<group>"; };
		2360C5CF24B20E870092E5DF /* fr */ = {isa = PBXFileReference; lastKnownFileType = text.plist.stringsdict; name = fr; path = fr.lproj/Localizable.stringsdict; sourceTree = "<group>"; };
		239415B724C02F4900D91C74 /* CalculationSettingsViewController.swift */ = {isa = PBXFileReference; lastKnownFileType = sourcecode.swift; path = CalculationSettingsViewController.swift; sourceTree = "<group>"; };
		239415B924C0331300D91C74 /* CalculationMethod.swift */ = {isa = PBXFileReference; lastKnownFileType = sourcecode.swift; path = CalculationMethod.swift; sourceTree = "<group>"; };
		23B315E224DA951A006B3071 /* ManualLocationViewController.swift */ = {isa = PBXFileReference; lastKnownFileType = sourcecode.swift; path = ManualLocationViewController.swift; sourceTree = "<group>"; };
		23B6299A24C094C700BFB9DF /* AboutSettingsViewController.swift */ = {isa = PBXFileReference; lastKnownFileType = sourcecode.swift; path = AboutSettingsViewController.swift; sourceTree = "<group>"; };
		23BBD40724822715003B0EC7 /* DataModel.xcdatamodel */ = {isa = PBXFileReference; lastKnownFileType = wrapper.xcdatamodel; path = DataModel.xcdatamodel; sourceTree = "<group>"; };
		23BBD40E24828950003B0EC7 /* RootSettingsViewController.swift */ = {isa = PBXFileReference; lastKnownFileType = sourcecode.swift; path = RootSettingsViewController.swift; sourceTree = "<group>"; };
		23BFD13C247D13FA00E0EF2F /* Salli.app */ = {isa = PBXFileReference; explicitFileType = wrapper.application; includeInIndex = 0; path = Salli.app; sourceTree = BUILT_PRODUCTS_DIR; };
		23BFD13F247D13FA00E0EF2F /* AppDelegate.swift */ = {isa = PBXFileReference; lastKnownFileType = sourcecode.swift; path = AppDelegate.swift; sourceTree = "<group>"; };
		23BFD141247D13FA00E0EF2F /* SceneDelegate.swift */ = {isa = PBXFileReference; lastKnownFileType = sourcecode.swift; path = SceneDelegate.swift; sourceTree = "<group>"; };
		23BFD143247D13FA00E0EF2F /* TimesViewController.swift */ = {isa = PBXFileReference; lastKnownFileType = sourcecode.swift; path = TimesViewController.swift; sourceTree = "<group>"; };
		23BFD146247D13FA00E0EF2F /* Base */ = {isa = PBXFileReference; lastKnownFileType = file.storyboard; name = Base; path = Base.lproj/Main.storyboard; sourceTree = "<group>"; };
		23BFD148247D13FD00E0EF2F /* Assets.xcassets */ = {isa = PBXFileReference; lastKnownFileType = folder.assetcatalog; path = Assets.xcassets; sourceTree = "<group>"; };
		23BFD14B247D13FD00E0EF2F /* Base */ = {isa = PBXFileReference; lastKnownFileType = file.storyboard; name = Base; path = Base.lproj/LaunchScreen.storyboard; sourceTree = "<group>"; };
		23BFD14D247D13FD00E0EF2F /* Info.plist */ = {isa = PBXFileReference; lastKnownFileType = text.plist.xml; path = Info.plist; sourceTree = "<group>"; };
		23BFD155247D2EC000E0EF2F /* PrayerTimesManager.swift */ = {isa = PBXFileReference; lastKnownFileType = sourcecode.swift; path = PrayerTimesManager.swift; sourceTree = "<group>"; };
		23BFD158247D318700E0EF2F /* Constants.swift */ = {isa = PBXFileReference; lastKnownFileType = sourcecode.swift; path = Constants.swift; sourceTree = "<group>"; };
		23BFD15A247D342000E0EF2F /* PrayerTimesData.swift */ = {isa = PBXFileReference; lastKnownFileType = sourcecode.swift; path = PrayerTimesData.swift; sourceTree = "<group>"; };
		23BFD15C247D37A200E0EF2F /* PrayerTimesManagerDelegate.swift */ = {isa = PBXFileReference; lastKnownFileType = sourcecode.swift; path = PrayerTimesManagerDelegate.swift; sourceTree = "<group>"; };
		23BFD15E247D390C00E0EF2F /* PrayerTimesModel.swift */ = {isa = PBXFileReference; lastKnownFileType = sourcecode.swift; path = PrayerTimesModel.swift; sourceTree = "<group>"; };
		23DB63D424BE14630027EDC3 /* PrayerTimesSettingsViewController.swift */ = {isa = PBXFileReference; lastKnownFileType = sourcecode.swift; path = PrayerTimesSettingsViewController.swift; sourceTree = "<group>"; };
		23DB63DC24BE27F50027EDC3 /* AppearanceSettingsViewController.swift */ = {isa = PBXFileReference; lastKnownFileType = sourcecode.swift; name = AppearanceSettingsViewController.swift; path = Salli/Controllers/AppearanceSettingsViewController.swift; sourceTree = SOURCE_ROOT; };
		23E4BA8B24A4AD480018EB87 /* CoreDataHelper.swift */ = {isa = PBXFileReference; lastKnownFileType = sourcecode.swift; path = CoreDataHelper.swift; sourceTree = "<group>"; };
		23E69E2524DB2193008686F2 /* AlertViewController.swift */ = {isa = PBXFileReference; lastKnownFileType = sourcecode.swift; path = AlertViewController.swift; sourceTree = "<group>"; };
		23E69E2724DB26A1008686F2 /* AlertService.swift */ = {isa = PBXFileReference; lastKnownFileType = sourcecode.swift; path = AlertService.swift; sourceTree = "<group>"; };
		23EDAD9424E9B6D600E39D92 /* ar */ = {isa = PBXFileReference; lastKnownFileType = text.plist.strings; name = ar; path = ar.lproj/Main.strings; sourceTree = "<group>"; };
		23EDAD9624E9B6D900E39D92 /* fr */ = {isa = PBXFileReference; lastKnownFileType = text.plist.strings; name = fr; path = fr.lproj/Main.strings; sourceTree = "<group>"; };
		23EDAD9A24E9BB4D00E39D92 /* ar */ = {isa = PBXFileReference; lastKnownFileType = text.plist.strings; name = ar; path = ar.lproj/Settings.strings; sourceTree = "<group>"; };
		23EDAD9C24E9BDB100E39D92 /* Base */ = {isa = PBXFileReference; lastKnownFileType = file.storyboard; name = Base; path = Base.lproj/Alert.storyboard; sourceTree = "<group>"; };
		23EDAD9F24E9BDBB00E39D92 /* ar */ = {isa = PBXFileReference; lastKnownFileType = text.plist.strings; name = ar; path = ar.lproj/Alert.strings; sourceTree = "<group>"; };
		23EDADA124E9BFC900E39D92 /* fr */ = {isa = PBXFileReference; lastKnownFileType = text.plist.strings; name = fr; path = fr.lproj/Settings.strings; sourceTree = "<group>"; };
		23EDADA324E9C0D300E39D92 /* fr */ = {isa = PBXFileReference; lastKnownFileType = text.plist.strings; name = fr; path = fr.lproj/Alert.strings; sourceTree = "<group>"; };
		23F0AA35247FD78B0013F880 /* Time.swift */ = {isa = PBXFileReference; lastKnownFileType = sourcecode.swift; path = Time.swift; sourceTree = "<group>"; };
		23FBFE772484DBCD004E11B5 /* PrayerCurrentInformation.swift */ = {isa = PBXFileReference; lastKnownFileType = sourcecode.swift; path = PrayerCurrentInformation.swift; sourceTree = "<group>"; };
/* End PBXFileReference section */

/* Begin PBXFrameworksBuildPhase section */
		23BFD139247D13FA00E0EF2F /* Frameworks */ = {
			isa = PBXFrameworksBuildPhase;
			buildActionMask = 2147483647;
			files = (
				23AD38BA24AA18590071A3DF /* Adhan in Frameworks */,
			);
			runOnlyForDeploymentPostprocessing = 0;
		};
/* End PBXFrameworksBuildPhase section */

/* Begin PBXGroup section */
		230EAAEB24A3D39A00B8FDAC /* Supporting Files */ = {
			isa = PBXGroup;
			children = (
				23BFD158247D318700E0EF2F /* Constants.swift */,
				2360C5BF24B1D8C90092E5DF /* SwiftLocalizedExtension.swift */,
				2307976724D75247004060F7 /* LoadingViewController.swift */,
				23553DC524D8278F00B1535D /* RoundedViewExtension.swift */,
				2307976924D75275004060F7 /* ChildViewControllerExtension.swift */,
				231354CC24E70A7400724A47 /* LocationTextFieldDelegate.swift */,
				23BFD148247D13FD00E0EF2F /* Assets.xcassets */,
				23BFD14A247D13FD00E0EF2F /* LaunchScreen.storyboard */,
				2360C5C524B1DD5F0092E5DF /* Localizable.strings */,
				2360C5CB24B205020092E5DF /* Localizable.stringsdict */,
			);
			path = "Supporting Files";
			sourceTree = "<group>";
		};
		231E3FBD24B469A4004BF726 /* Settings */ = {
			isa = PBXGroup;
			children = (
				23DB63DC24BE27F50027EDC3 /* AppearanceSettingsViewController.swift */,
				23BBD40E24828950003B0EC7 /* RootSettingsViewController.swift */,
				23DB63D424BE14630027EDC3 /* PrayerTimesSettingsViewController.swift */,
				23B315E224DA951A006B3071 /* ManualLocationViewController.swift */,
				239415B724C02F4900D91C74 /* CalculationSettingsViewController.swift */,
				23B6299A24C094C700BFB9DF /* AboutSettingsViewController.swift */,
			);
			path = Settings;
			sourceTree = "<group>";
		};
		231E72DF24D724E2001D0B12 /* Prayer Times */ = {
			isa = PBXGroup;
			children = (
				23BFD155247D2EC000E0EF2F /* PrayerTimesManager.swift */,
				23BFD15A247D342000E0EF2F /* PrayerTimesData.swift */,
				23BFD15C247D37A200E0EF2F /* PrayerTimesManagerDelegate.swift */,
				23BFD15E247D390C00E0EF2F /* PrayerTimesModel.swift */,
			);
			path = "Prayer Times";
			sourceTree = "<group>";
		};
		23520DE924E3F575001A4C46 /* Onboarding */ = {
			isa = PBXGroup;
			children = (
				23553DC724D84ACE00B1535D /* OnboardingViewController.swift */,
				231354CA24E6FFE000724A47 /* OnboardingLocationViewController.swift */,
			);
			path = Onboarding;
			sourceTree = "<group>";
		};
		23BFD133247D13FA00E0EF2F = {
			isa = PBXGroup;
			children = (
				23BFD13E247D13FA00E0EF2F /* Salli */,
				23BFD13D247D13FA00E0EF2F /* Products */,
			);
			sourceTree = "<group>";
		};
		23BFD13D247D13FA00E0EF2F /* Products */ = {
			isa = PBXGroup;
			children = (
				23BFD13C247D13FA00E0EF2F /* Salli.app */,
			);
			name = Products;
			sourceTree = "<group>";
		};
		23BFD13E247D13FA00E0EF2F /* Salli */ = {
			isa = PBXGroup;
			children = (
				23BFD13F247D13FA00E0EF2F /* AppDelegate.swift */,
				23BFD141247D13FA00E0EF2F /* SceneDelegate.swift */,
				23BFD157247D2EC600E0EF2F /* Models */,
				23BFD154247D2EA800E0EF2F /* Storyboards */,
				23BFD153247D2E9F00E0EF2F /* Controllers */,
				230EAAEB24A3D39A00B8FDAC /* Supporting Files */,
				23BFD14D247D13FD00E0EF2F /* Info.plist */,
			);
			path = Salli;
			sourceTree = "<group>";
		};
		23BFD153247D2E9F00E0EF2F /* Controllers */ = {
			isa = PBXGroup;
			children = (
				23520DE924E3F575001A4C46 /* Onboarding */,
				23BFD143247D13FA00E0EF2F /* TimesViewController.swift */,
				232D1CF524B2651400E74A7B /* QiblaViewController.swift */,
				231E3FBD24B469A4004BF726 /* Settings */,
				23E69E2924DB26A7008686F2 /* Alert */,
			);
			path = Controllers;
			sourceTree = "<group>";
		};
		23BFD154247D2EA800E0EF2F /* Storyboards */ = {
			isa = PBXGroup;
			children = (
				23BFD145247D13FA00E0EF2F /* Main.storyboard */,
				231E3FB824B46434004BF726 /* Settings.storyboard */,
				23EDAD9D24E9BDB100E39D92 /* Alert.storyboard */,
			);
			path = Storyboards;
			sourceTree = "<group>";
		};
		23BFD157247D2EC600E0EF2F /* Models */ = {
			isa = PBXGroup;
			children = (
				231E72DF24D724E2001D0B12 /* Prayer Times */,
				23F0AA35247FD78B0013F880 /* Time.swift */,
				23FBFE772484DBCD004E11B5 /* PrayerCurrentInformation.swift */,
				23E4BA8B24A4AD480018EB87 /* CoreDataHelper.swift */,
				239415B924C0331300D91C74 /* CalculationMethod.swift */,
				23553DBF24D81C5A00B1535D /* DefaultsManager.swift */,
				23BBD40624822715003B0EC7 /* DataModel.xcdatamodeld */,
			);
			path = Models;
			sourceTree = "<group>";
		};
		23E69E2924DB26A7008686F2 /* Alert */ = {
			isa = PBXGroup;
			children = (
				23E69E2524DB2193008686F2 /* AlertViewController.swift */,
				23E69E2724DB26A1008686F2 /* AlertService.swift */,
			);
			path = Alert;
			sourceTree = "<group>";
		};
/* End PBXGroup section */

/* Begin PBXNativeTarget section */
		23BFD13B247D13FA00E0EF2F /* Salli */ = {
			isa = PBXNativeTarget;
			buildConfigurationList = 23BFD150247D13FD00E0EF2F /* Build configuration list for PBXNativeTarget "Salli" */;
			buildPhases = (
				23BFD138247D13FA00E0EF2F /* Sources */,
				23BFD139247D13FA00E0EF2F /* Frameworks */,
				23BFD13A247D13FA00E0EF2F /* Resources */,
			);
			buildRules = (
			);
			dependencies = (
			);
			name = Salli;
			packageProductDependencies = (
				23AD38B924AA18590071A3DF /* Adhan */,
			);
			productName = Salli;
			productReference = 23BFD13C247D13FA00E0EF2F /* Salli.app */;
			productType = "com.apple.product-type.application";
		};
/* End PBXNativeTarget section */

/* Begin PBXProject section */
		23BFD134247D13FA00E0EF2F /* Project object */ = {
			isa = PBXProject;
			attributes = {
				LastSwiftUpdateCheck = 1140;
				LastUpgradeCheck = 1140;
				ORGANIZATIONNAME = "Omar Khodr";
				TargetAttributes = {
					23BFD13B247D13FA00E0EF2F = {
						CreatedOnToolsVersion = 11.4.1;
					};
				};
			};
			buildConfigurationList = 23BFD137247D13FA00E0EF2F /* Build configuration list for PBXProject "Salli" */;
			compatibilityVersion = "Xcode 9.3";
			developmentRegion = en;
			hasScannedForEncodings = 0;
			knownRegions = (
				en,
				Base,
				ar,
				fr,
			);
			mainGroup = 23BFD133247D13FA00E0EF2F;
			packageReferences = (
				23AD38B824AA18580071A3DF /* XCRemoteSwiftPackageReference "adhan-swift" */,
			);
			productRefGroup = 23BFD13D247D13FA00E0EF2F /* Products */;
			projectDirPath = "";
			projectRoot = "";
			targets = (
				23BFD13B247D13FA00E0EF2F /* Salli */,
			);
		};
/* End PBXProject section */

/* Begin PBXResourcesBuildPhase section */
		23BFD13A247D13FA00E0EF2F /* Resources */ = {
			isa = PBXResourcesBuildPhase;
			buildActionMask = 2147483647;
			files = (
				2360C5C324B1DD5F0092E5DF /* Localizable.strings in Resources */,
				23BFD14C247D13FD00E0EF2F /* LaunchScreen.storyboard in Resources */,
				2360C5C924B205020092E5DF /* Localizable.stringsdict in Resources */,
				231E3FBA24B46434004BF726 /* Settings.storyboard in Resources */,
				23BFD149247D13FD00E0EF2F /* Assets.xcassets in Resources */,
				23EDAD9B24E9BDB100E39D92 /* Alert.storyboard in Resources */,
				23BFD147247D13FA00E0EF2F /* Main.storyboard in Resources */,
			);
			runOnlyForDeploymentPostprocessing = 0;
		};
/* End PBXResourcesBuildPhase section */

/* Begin PBXSourcesBuildPhase section */
		23BFD138247D13FA00E0EF2F /* Sources */ = {
			isa = PBXSourcesBuildPhase;
			buildActionMask = 2147483647;
			files = (
				23BFD159247D318700E0EF2F /* Constants.swift in Sources */,
				23B6299B24C094C700BFB9DF /* AboutSettingsViewController.swift in Sources */,
				23FBFE782484DBCD004E11B5 /* PrayerCurrentInformation.swift in Sources */,
				23BBD40824822715003B0EC7 /* DataModel.xcdatamodeld in Sources */,
				231354CB24E6FFE000724A47 /* OnboardingLocationViewController.swift in Sources */,
				23DB63DD24BE27F50027EDC3 /* AppearanceSettingsViewController.swift in Sources */,
				23BFD15B247D342000E0EF2F /* PrayerTimesData.swift in Sources */,
				23BFD144247D13FA00E0EF2F /* TimesViewController.swift in Sources */,
				23DB63D524BE14630027EDC3 /* PrayerTimesSettingsViewController.swift in Sources */,
				23BFD140247D13FA00E0EF2F /* AppDelegate.swift in Sources */,
				239415BA24C0331300D91C74 /* CalculationMethod.swift in Sources */,
				231354CD24E70A7400724A47 /* LocationTextFieldDelegate.swift in Sources */,
				23553DC824D84ACE00B1535D /* OnboardingViewController.swift in Sources */,
				23BFD15D247D37A200E0EF2F /* PrayerTimesManagerDelegate.swift in Sources */,
				23553DC624D8278F00B1535D /* RoundedViewExtension.swift in Sources */,
				2307976824D75247004060F7 /* LoadingViewController.swift in Sources */,
				23E69E2624DB2193008686F2 /* AlertViewController.swift in Sources */,
				23BFD142247D13FA00E0EF2F /* SceneDelegate.swift in Sources */,
				23E69E2824DB26A1008686F2 /* AlertService.swift in Sources */,
				23E4BA8C24A4AD480018EB87 /* CoreDataHelper.swift in Sources */,
				2360C5C024B1D8C90092E5DF /* SwiftLocalizedExtension.swift in Sources */,
				2307976A24D75275004060F7 /* ChildViewControllerExtension.swift in Sources */,
				23553DC024D81C5A00B1535D /* DefaultsManager.swift in Sources */,
				23F0AA36247FD78B0013F880 /* Time.swift in Sources */,
				232D1CF624B2651400E74A7B /* QiblaViewController.swift in Sources */,
				23BFD156247D2EC000E0EF2F /* PrayerTimesManager.swift in Sources */,
				239415B824C02F4900D91C74 /* CalculationSettingsViewController.swift in Sources */,
				23BFD15F247D390C00E0EF2F /* PrayerTimesModel.swift in Sources */,
				23BBD40F24828950003B0EC7 /* RootSettingsViewController.swift in Sources */,
				23B315E324DA951A006B3071 /* ManualLocationViewController.swift in Sources */,
			);
			runOnlyForDeploymentPostprocessing = 0;
		};
/* End PBXSourcesBuildPhase section */

/* Begin PBXVariantGroup section */
		231E3FB824B46434004BF726 /* Settings.storyboard */ = {
			isa = PBXVariantGroup;
			children = (
				231E3FB924B46434004BF726 /* Base */,
				23EDAD9A24E9BB4D00E39D92 /* ar */,
				23EDADA124E9BFC900E39D92 /* fr */,
			);
			name = Settings.storyboard;
			sourceTree = "<group>";
		};
		2360C5C524B1DD5F0092E5DF /* Localizable.strings */ = {
			isa = PBXVariantGroup;
			children = (
				2360C5C424B1DD5F0092E5DF /* en */,
				2360C5C624B1DD620092E5DF /* ar */,
				2360C5CE24B20E870092E5DF /* fr */,
			);
			name = Localizable.strings;
			sourceTree = "<group>";
		};
		2360C5CB24B205020092E5DF /* Localizable.stringsdict */ = {
			isa = PBXVariantGroup;
			children = (
				2360C5CA24B205020092E5DF /* en */,
				2360C5CC24B205060092E5DF /* ar */,
				2360C5CF24B20E870092E5DF /* fr */,
			);
			name = Localizable.stringsdict;
			sourceTree = "<group>";
		};
		23BFD145247D13FA00E0EF2F /* Main.storyboard */ = {
			isa = PBXVariantGroup;
			children = (
				23BFD146247D13FA00E0EF2F /* Base */,
				23EDAD9424E9B6D600E39D92 /* ar */,
				23EDAD9624E9B6D900E39D92 /* fr */,
			);
			name = Main.storyboard;
			sourceTree = "<group>";
		};
		23BFD14A247D13FD00E0EF2F /* LaunchScreen.storyboard */ = {
			isa = PBXVariantGroup;
			children = (
				23BFD14B247D13FD00E0EF2F /* Base */,
			);
			name = LaunchScreen.storyboard;
			sourceTree = "<group>";
		};
		23EDAD9D24E9BDB100E39D92 /* Alert.storyboard */ = {
			isa = PBXVariantGroup;
			children = (
				23EDAD9C24E9BDB100E39D92 /* Base */,
				23EDAD9F24E9BDBB00E39D92 /* ar */,
				23EDADA324E9C0D300E39D92 /* fr */,
			);
			name = Alert.storyboard;
			sourceTree = "<group>";
		};
/* End PBXVariantGroup section */

/* Begin XCBuildConfiguration section */
		23BFD14E247D13FD00E0EF2F /* Debug */ = {
			isa = XCBuildConfiguration;
			buildSettings = {
				ALWAYS_SEARCH_USER_PATHS = NO;
				CLANG_ANALYZER_LOCALIZABILITY_NONLOCALIZED = YES;
				CLANG_ANALYZER_NONNULL = YES;
				CLANG_ANALYZER_NUMBER_OBJECT_CONVERSION = YES_AGGRESSIVE;
				CLANG_CXX_LANGUAGE_STANDARD = "gnu++14";
				CLANG_CXX_LIBRARY = "libc++";
				CLANG_ENABLE_MODULES = YES;
				CLANG_ENABLE_OBJC_ARC = YES;
				CLANG_ENABLE_OBJC_WEAK = YES;
				CLANG_WARN_BLOCK_CAPTURE_AUTORELEASING = YES;
				CLANG_WARN_BOOL_CONVERSION = YES;
				CLANG_WARN_COMMA = YES;
				CLANG_WARN_CONSTANT_CONVERSION = YES;
				CLANG_WARN_DEPRECATED_OBJC_IMPLEMENTATIONS = YES;
				CLANG_WARN_DIRECT_OBJC_ISA_USAGE = YES_ERROR;
				CLANG_WARN_DOCUMENTATION_COMMENTS = YES;
				CLANG_WARN_EMPTY_BODY = YES;
				CLANG_WARN_ENUM_CONVERSION = YES;
				CLANG_WARN_INFINITE_RECURSION = YES;
				CLANG_WARN_INT_CONVERSION = YES;
				CLANG_WARN_NON_LITERAL_NULL_CONVERSION = YES;
				CLANG_WARN_OBJC_IMPLICIT_RETAIN_SELF = YES;
				CLANG_WARN_OBJC_LITERAL_CONVERSION = YES;
				CLANG_WARN_OBJC_ROOT_CLASS = YES_ERROR;
				CLANG_WARN_RANGE_LOOP_ANALYSIS = YES;
				CLANG_WARN_STRICT_PROTOTYPES = YES;
				CLANG_WARN_SUSPICIOUS_MOVE = YES;
				CLANG_WARN_UNGUARDED_AVAILABILITY = YES_AGGRESSIVE;
				CLANG_WARN_UNREACHABLE_CODE = YES;
				CLANG_WARN__DUPLICATE_METHOD_MATCH = YES;
				COPY_PHASE_STRIP = NO;
				DEBUG_INFORMATION_FORMAT = dwarf;
				ENABLE_STRICT_OBJC_MSGSEND = YES;
				ENABLE_TESTABILITY = YES;
				GCC_C_LANGUAGE_STANDARD = gnu11;
				GCC_DYNAMIC_NO_PIC = NO;
				GCC_NO_COMMON_BLOCKS = YES;
				GCC_OPTIMIZATION_LEVEL = 0;
				GCC_PREPROCESSOR_DEFINITIONS = (
					"DEBUG=1",
					"$(inherited)",
				);
				GCC_WARN_64_TO_32_BIT_CONVERSION = YES;
				GCC_WARN_ABOUT_RETURN_TYPE = YES_ERROR;
				GCC_WARN_UNDECLARED_SELECTOR = YES;
				GCC_WARN_UNINITIALIZED_AUTOS = YES_AGGRESSIVE;
				GCC_WARN_UNUSED_FUNCTION = YES;
				GCC_WARN_UNUSED_VARIABLE = YES;
				IPHONEOS_DEPLOYMENT_TARGET = 13.4;
				MTL_ENABLE_DEBUG_INFO = INCLUDE_SOURCE;
				MTL_FAST_MATH = YES;
				ONLY_ACTIVE_ARCH = YES;
				SDKROOT = iphoneos;
				SWIFT_ACTIVE_COMPILATION_CONDITIONS = DEBUG;
				SWIFT_OPTIMIZATION_LEVEL = "-Onone";
			};
			name = Debug;
		};
		23BFD14F247D13FD00E0EF2F /* Release */ = {
			isa = XCBuildConfiguration;
			buildSettings = {
				ALWAYS_SEARCH_USER_PATHS = NO;
				CLANG_ANALYZER_LOCALIZABILITY_NONLOCALIZED = YES;
				CLANG_ANALYZER_NONNULL = YES;
				CLANG_ANALYZER_NUMBER_OBJECT_CONVERSION = YES_AGGRESSIVE;
				CLANG_CXX_LANGUAGE_STANDARD = "gnu++14";
				CLANG_CXX_LIBRARY = "libc++";
				CLANG_ENABLE_MODULES = YES;
				CLANG_ENABLE_OBJC_ARC = YES;
				CLANG_ENABLE_OBJC_WEAK = YES;
				CLANG_WARN_BLOCK_CAPTURE_AUTORELEASING = YES;
				CLANG_WARN_BOOL_CONVERSION = YES;
				CLANG_WARN_COMMA = YES;
				CLANG_WARN_CONSTANT_CONVERSION = YES;
				CLANG_WARN_DEPRECATED_OBJC_IMPLEMENTATIONS = YES;
				CLANG_WARN_DIRECT_OBJC_ISA_USAGE = YES_ERROR;
				CLANG_WARN_DOCUMENTATION_COMMENTS = YES;
				CLANG_WARN_EMPTY_BODY = YES;
				CLANG_WARN_ENUM_CONVERSION = YES;
				CLANG_WARN_INFINITE_RECURSION = YES;
				CLANG_WARN_INT_CONVERSION = YES;
				CLANG_WARN_NON_LITERAL_NULL_CONVERSION = YES;
				CLANG_WARN_OBJC_IMPLICIT_RETAIN_SELF = YES;
				CLANG_WARN_OBJC_LITERAL_CONVERSION = YES;
				CLANG_WARN_OBJC_ROOT_CLASS = YES_ERROR;
				CLANG_WARN_RANGE_LOOP_ANALYSIS = YES;
				CLANG_WARN_STRICT_PROTOTYPES = YES;
				CLANG_WARN_SUSPICIOUS_MOVE = YES;
				CLANG_WARN_UNGUARDED_AVAILABILITY = YES_AGGRESSIVE;
				CLANG_WARN_UNREACHABLE_CODE = YES;
				CLANG_WARN__DUPLICATE_METHOD_MATCH = YES;
				COPY_PHASE_STRIP = NO;
				DEBUG_INFORMATION_FORMAT = "dwarf-with-dsym";
				ENABLE_NS_ASSERTIONS = NO;
				ENABLE_STRICT_OBJC_MSGSEND = YES;
				GCC_C_LANGUAGE_STANDARD = gnu11;
				GCC_NO_COMMON_BLOCKS = YES;
				GCC_WARN_64_TO_32_BIT_CONVERSION = YES;
				GCC_WARN_ABOUT_RETURN_TYPE = YES_ERROR;
				GCC_WARN_UNDECLARED_SELECTOR = YES;
				GCC_WARN_UNINITIALIZED_AUTOS = YES_AGGRESSIVE;
				GCC_WARN_UNUSED_FUNCTION = YES;
				GCC_WARN_UNUSED_VARIABLE = YES;
				IPHONEOS_DEPLOYMENT_TARGET = 13.4;
				MTL_ENABLE_DEBUG_INFO = NO;
				MTL_FAST_MATH = YES;
				SDKROOT = iphoneos;
				SWIFT_COMPILATION_MODE = wholemodule;
				SWIFT_OPTIMIZATION_LEVEL = "-O";
				VALIDATE_PRODUCT = YES;
			};
			name = Release;
		};
		23BFD151247D13FD00E0EF2F /* Debug */ = {
			isa = XCBuildConfiguration;
			buildSettings = {
				ASSETCATALOG_COMPILER_APPICON_NAME = AppIcon;
				CODE_SIGN_STYLE = Automatic;
				DEVELOPMENT_TEAM = 5X3PZ7P8YG;
				INFOPLIST_FILE = Salli/Info.plist;
				IPHONEOS_DEPLOYMENT_TARGET = 13.0;
				LD_RUNPATH_SEARCH_PATHS = (
					"$(inherited)",
					"@executable_path/Frameworks",
				);
				PRODUCT_BUNDLE_IDENTIFIER = com.omarkhodr.Salli;
				PRODUCT_NAME = "$(TARGET_NAME)";
				SWIFT_VERSION = 5.0;
				TARGETED_DEVICE_FAMILY = 1;
			};
			name = Debug;
		};
		23BFD152247D13FD00E0EF2F /* Release */ = {
			isa = XCBuildConfiguration;
			buildSettings = {
				ASSETCATALOG_COMPILER_APPICON_NAME = AppIcon;
				CODE_SIGN_STYLE = Automatic;
				DEVELOPMENT_TEAM = 5X3PZ7P8YG;
				INFOPLIST_FILE = Salli/Info.plist;
				IPHONEOS_DEPLOYMENT_TARGET = 13.0;
				LD_RUNPATH_SEARCH_PATHS = (
					"$(inherited)",
					"@executable_path/Frameworks",
				);
				PRODUCT_BUNDLE_IDENTIFIER = com.omarkhodr.Salli;
				PRODUCT_NAME = "$(TARGET_NAME)";
				SWIFT_VERSION = 5.0;
				TARGETED_DEVICE_FAMILY = 1;
			};
			name = Release;
		};
/* End XCBuildConfiguration section */

/* Begin XCConfigurationList section */
		23BFD137247D13FA00E0EF2F /* Build configuration list for PBXProject "Salli" */ = {
			isa = XCConfigurationList;
			buildConfigurations = (
				23BFD14E247D13FD00E0EF2F /* Debug */,
				23BFD14F247D13FD00E0EF2F /* Release */,
			);
			defaultConfigurationIsVisible = 0;
			defaultConfigurationName = Release;
		};
		23BFD150247D13FD00E0EF2F /* Build configuration list for PBXNativeTarget "Salli" */ = {
			isa = XCConfigurationList;
			buildConfigurations = (
				23BFD151247D13FD00E0EF2F /* Debug */,
				23BFD152247D13FD00E0EF2F /* Release */,
			);
			defaultConfigurationIsVisible = 0;
			defaultConfigurationName = Release;
		};
/* End XCConfigurationList section */

/* Begin XCRemoteSwiftPackageReference section */
		23AD38B824AA18580071A3DF /* XCRemoteSwiftPackageReference "adhan-swift" */ = {
			isa = XCRemoteSwiftPackageReference;
			repositoryURL = "https://github.com/batoulapps/adhan-swift";
			requirement = {
				kind = upToNextMajorVersion;
				minimumVersion = 1.2.0;
			};
		};
/* End XCRemoteSwiftPackageReference section */

/* Begin XCSwiftPackageProductDependency section */
		23AD38B924AA18590071A3DF /* Adhan */ = {
			isa = XCSwiftPackageProductDependency;
			package = 23AD38B824AA18580071A3DF /* XCRemoteSwiftPackageReference "adhan-swift" */;
			productName = Adhan;
		};
/* End XCSwiftPackageProductDependency section */

/* Begin XCVersionGroup section */
		23BBD40624822715003B0EC7 /* DataModel.xcdatamodeld */ = {
			isa = XCVersionGroup;
			children = (
				23BBD40724822715003B0EC7 /* DataModel.xcdatamodel */,
			);
			currentVersion = 23BBD40724822715003B0EC7 /* DataModel.xcdatamodel */;
			path = DataModel.xcdatamodeld;
			sourceTree = "<group>";
			versionGroupType = wrapper.xcdatamodel;
		};
/* End XCVersionGroup section */
	};
	rootObject = 23BFD134247D13FA00E0EF2F /* Project object */;
}
