// !$*UTF8*$!
{
	archiveVersion = 1;
	classes = {
	};
	objectVersion = 50;
	objects = {

/* Begin PBXBuildFile section */
		23BBD40824822715003B0EC7 /* DataModel.xcdatamodeld in Sources */ = {isa = PBXBuildFile; fileRef = 23BBD40624822715003B0EC7 /* DataModel.xcdatamodeld */; };
		23BBD40D24826CA8003B0EC7 /* ImpossibleDatabaseStateError.swift in Sources */ = {isa = PBXBuildFile; fileRef = 23BBD40C24826CA8003B0EC7 /* ImpossibleDatabaseStateError.swift */; };
		23BBD40F24828950003B0EC7 /* SettingsViewController.swift in Sources */ = {isa = PBXBuildFile; fileRef = 23BBD40E24828950003B0EC7 /* SettingsViewController.swift */; };
		23BFD140247D13FA00E0EF2F /* AppDelegate.swift in Sources */ = {isa = PBXBuildFile; fileRef = 23BFD13F247D13FA00E0EF2F /* AppDelegate.swift */; };
		23BFD142247D13FA00E0EF2F /* SceneDelegate.swift in Sources */ = {isa = PBXBuildFile; fileRef = 23BFD141247D13FA00E0EF2F /* SceneDelegate.swift */; };
		23BFD144247D13FA00E0EF2F /* TimesViewController.swift in Sources */ = {isa = PBXBuildFile; fileRef = 23BFD143247D13FA00E0EF2F /* TimesViewController.swift */; };
		23BFD147247D13FA00E0EF2F /* Main.storyboard in Resources */ = {isa = PBXBuildFile; fileRef = 23BFD145247D13FA00E0EF2F /* Main.storyboard */; };
		23BFD149247D13FD00E0EF2F /* Assets.xcassets in Resources */ = {isa = PBXBuildFile; fileRef = 23BFD148247D13FD00E0EF2F /* Assets.xcassets */; };
		23BFD14C247D13FD00E0EF2F /* LaunchScreen.storyboard in Resources */ = {isa = PBXBuildFile; fileRef = 23BFD14A247D13FD00E0EF2F /* LaunchScreen.storyboard */; };
		23BFD156247D2EC000E0EF2F /* PrayerTimesManager.swift in Sources */ = {isa = PBXBuildFile; fileRef = 23BFD155247D2EC000E0EF2F /* PrayerTimesManager.swift */; };
		23BFD159247D318700E0EF2F /* Constants.swift in Sources */ = {isa = PBXBuildFile; fileRef = 23BFD158247D318700E0EF2F /* Constants.swift */; };
		23BFD15B247D342000E0EF2F /* PrayerTimesData.swift in Sources */ = {isa = PBXBuildFile; fileRef = 23BFD15A247D342000E0EF2F /* PrayerTimesData.swift */; };
		23BFD15D247D37A200E0EF2F /* PrayerTimesManagerDelegate.swift in Sources */ = {isa = PBXBuildFile; fileRef = 23BFD15C247D37A200E0EF2F /* PrayerTimesManagerDelegate.swift */; };
		23BFD15F247D390C00E0EF2F /* PrayerTimesModel.swift in Sources */ = {isa = PBXBuildFile; fileRef = 23BFD15E247D390C00E0EF2F /* PrayerTimesModel.swift */; };
		23F0AA36247FD78B0013F880 /* Time.swift in Sources */ = {isa = PBXBuildFile; fileRef = 23F0AA35247FD78B0013F880 /* Time.swift */; };
		23F0AA38247FF2E70013F880 /* Settings.storyboard in Resources */ = {isa = PBXBuildFile; fileRef = 23F0AA37247FF2E70013F880 /* Settings.storyboard */; };
		23FBFE782484DBCD004E11B5 /* Model.swift in Sources */ = {isa = PBXBuildFile; fileRef = 23FBFE772484DBCD004E11B5 /* Model.swift */; };
/* End PBXBuildFile section */

/* Begin PBXFileReference section */
		23BBD40724822715003B0EC7 /* DataModel.xcdatamodel */ = {isa = PBXFileReference; lastKnownFileType = wrapper.xcdatamodel; path = DataModel.xcdatamodel; sourceTree = "<group>"; };
		23BBD40C24826CA8003B0EC7 /* ImpossibleDatabaseStateError.swift */ = {isa = PBXFileReference; lastKnownFileType = sourcecode.swift; path = ImpossibleDatabaseStateError.swift; sourceTree = "<group>"; };
		23BBD40E24828950003B0EC7 /* SettingsViewController.swift */ = {isa = PBXFileReference; lastKnownFileType = sourcecode.swift; path = SettingsViewController.swift; sourceTree = "<group>"; };
		23BFD13C247D13FA00E0EF2F /* Salli.app */ = {isa = PBXFileReference; explicitFileType = wrapper.application; includeInIndex = 0; path = Salli.app; sourceTree = BUILT_PRODUCTS_DIR; };
		23BFD13F247D13FA00E0EF2F /* AppDelegate.swift */ = {isa = PBXFileReference; lastKnownFileType = sourcecode.swift; path = AppDelegate.swift; sourceTree = "<group>"; };
		23BFD141247D13FA00E0EF2F /* SceneDelegate.swift */ = {isa = PBXFileReference; lastKnownFileType = sourcecode.swift; path = SceneDelegate.swift; sourceTree = "<group>"; };
		23BFD143247D13FA00E0EF2F /* TimesViewController.swift */ = {isa = PBXFileReference; lastKnownFileType = sourcecode.swift; path = TimesViewController.swift; sourceTree = "<group>"; };
		23BFD146247D13FA00E0EF2F /* Base */ = {isa = PBXFileReference; lastKnownFileType = file.storyboard; name = Base; path = Base.lproj/Main.storyboard; sourceTree = "<group>"; };
		23BFD148247D13FD00E0EF2F /* Assets.xcassets */ = {isa = PBXFileReference; lastKnownFileType = folder.assetcatalog; path = Assets.xcassets; sourceTree = "<group>"; };
		23BFD14B247D13FD00E0EF2F /* Base */ = {isa = PBXFileReference; lastKnownFileType = file.storyboard; name = Base; path = Base.lproj/LaunchScreen.storyboard; sourceTree = "<group>"; };
		23BFD14D247D13FD00E0EF2F /* Info.plist */ = {isa = PBXFileReference; lastKnownFileType = text.plist.xml; path = Info.plist; sourceTree = "<group>"; };
		23BFD155247D2EC000E0EF2F /* PrayerTimesManager.swift */ = {isa = PBXFileReference; lastKnownFileType = sourcecode.swift; path = PrayerTimesManager.swift; sourceTree = "<group>"; };
		23BFD158247D318700E0EF2F /* Constants.swift */ = {isa = PBXFileReference; lastKnownFileType = sourcecode.swift; path = Constants.swift; sourceTree = "<group>"; };
		23BFD15A247D342000E0EF2F /* PrayerTimesData.swift */ = {isa = PBXFileReference; lastKnownFileType = sourcecode.swift; path = PrayerTimesData.swift; sourceTree = "<group>"; };
		23BFD15C247D37A200E0EF2F /* PrayerTimesManagerDelegate.swift */ = {isa = PBXFileReference; lastKnownFileType = sourcecode.swift; path = PrayerTimesManagerDelegate.swift; sourceTree = "<group>"; };
		23BFD15E247D390C00E0EF2F /* PrayerTimesModel.swift */ = {isa = PBXFileReference; lastKnownFileType = sourcecode.swift; path = PrayerTimesModel.swift; sourceTree = "<group>"; };
		23F0AA35247FD78B0013F880 /* Time.swift */ = {isa = PBXFileReference; lastKnownFileType = sourcecode.swift; path = Time.swift; sourceTree = "<group>"; };
		23F0AA37247FF2E70013F880 /* Settings.storyboard */ = {isa = PBXFileReference; lastKnownFileType = file.storyboard; path = Settings.storyboard; sourceTree = "<group>"; };
		23FBFE772484DBCD004E11B5 /* Model.swift */ = {isa = PBXFileReference; lastKnownFileType = sourcecode.swift; path = Model.swift; sourceTree = "<group>"; };
/* End PBXFileReference section */

/* Begin PBXFrameworksBuildPhase section */
		23BFD139247D13FA00E0EF2F /* Frameworks */ = {
			isa = PBXFrameworksBuildPhase;
			buildActionMask = 2147483647;
			files = (
			);
			runOnlyForDeploymentPostprocessing = 0;
		};
/* End PBXFrameworksBuildPhase section */

/* Begin PBXGroup section */
		23BFD133247D13FA00E0EF2F = {
			isa = PBXGroup;
			children = (
				23BFD13E247D13FA00E0EF2F /* Salli */,
				23BFD13D247D13FA00E0EF2F /* Products */,
			);
			sourceTree = "<group>";
		};
		23BFD13D247D13FA00E0EF2F /* Products */ = {
			isa = PBXGroup;
			children = (
				23BFD13C247D13FA00E0EF2F /* Salli.app */,
			);
			name = Products;
			sourceTree = "<group>";
		};
		23BFD13E247D13FA00E0EF2F /* Salli */ = {
			isa = PBXGroup;
			children = (
				23BFD13F247D13FA00E0EF2F /* AppDelegate.swift */,
				23BFD141247D13FA00E0EF2F /* SceneDelegate.swift */,
				23BFD157247D2EC600E0EF2F /* Models */,
				23BFD154247D2EA800E0EF2F /* Views */,
				23BFD153247D2E9F00E0EF2F /* Controllers */,
				23BFD148247D13FD00E0EF2F /* Assets.xcassets */,
				23BFD14A247D13FD00E0EF2F /* LaunchScreen.storyboard */,
				23BFD14D247D13FD00E0EF2F /* Info.plist */,
				23BFD158247D318700E0EF2F /* Constants.swift */,
			);
			path = Salli;
			sourceTree = "<group>";
		};
		23BFD153247D2E9F00E0EF2F /* Controllers */ = {
			isa = PBXGroup;
			children = (
				23BFD143247D13FA00E0EF2F /* TimesViewController.swift */,
				23BBD40E24828950003B0EC7 /* SettingsViewController.swift */,
			);
			path = Controllers;
			sourceTree = "<group>";
		};
		23BFD154247D2EA800E0EF2F /* Views */ = {
			isa = PBXGroup;
			children = (
				23BFD145247D13FA00E0EF2F /* Main.storyboard */,
				23F0AA37247FF2E70013F880 /* Settings.storyboard */,
			);
			path = Views;
			sourceTree = "<group>";
		};
		23BFD157247D2EC600E0EF2F /* Models */ = {
			isa = PBXGroup;
			children = (
				23BFD155247D2EC000E0EF2F /* PrayerTimesManager.swift */,
				23BFD15A247D342000E0EF2F /* PrayerTimesData.swift */,
				23BFD15C247D37A200E0EF2F /* PrayerTimesManagerDelegate.swift */,
				23BFD15E247D390C00E0EF2F /* PrayerTimesModel.swift */,
				23F0AA35247FD78B0013F880 /* Time.swift */,
				23BBD40C24826CA8003B0EC7 /* ImpossibleDatabaseStateError.swift */,
				23FBFE772484DBCD004E11B5 /* Model.swift */,
				23BBD40624822715003B0EC7 /* DataModel.xcdatamodeld */,
			);
			path = Models;
			sourceTree = "<group>";
		};
/* End PBXGroup section */

/* Begin PBXNativeTarget section */
		23BFD13B247D13FA00E0EF2F /* Salli */ = {
			isa = PBXNativeTarget;
			buildConfigurationList = 23BFD150247D13FD00E0EF2F /* Build configuration list for PBXNativeTarget "Salli" */;
			buildPhases = (
				23BFD138247D13FA00E0EF2F /* Sources */,
				23BFD139247D13FA00E0EF2F /* Frameworks */,
				23BFD13A247D13FA00E0EF2F /* Resources */,
			);
			buildRules = (
			);
			dependencies = (
			);
			name = Salli;
			productName = Salli;
			productReference = 23BFD13C247D13FA00E0EF2F /* Salli.app */;
			productType = "com.apple.product-type.application";
		};
/* End PBXNativeTarget section */

/* Begin PBXProject section */
		23BFD134247D13FA00E0EF2F /* Project object */ = {
			isa = PBXProject;
			attributes = {
				LastSwiftUpdateCheck = 1140;
				LastUpgradeCheck = 1140;
				ORGANIZATIONNAME = "Omar Khodr";
				TargetAttributes = {
					23BFD13B247D13FA00E0EF2F = {
						CreatedOnToolsVersion = 11.4.1;
					};
				};
			};
			buildConfigurationList = 23BFD137247D13FA00E0EF2F /* Build configuration list for PBXProject "Salli" */;
			compatibilityVersion = "Xcode 9.3";
			developmentRegion = en;
			hasScannedForEncodings = 0;
			knownRegions = (
				en,
				Base,
			);
			mainGroup = 23BFD133247D13FA00E0EF2F;
			productRefGroup = 23BFD13D247D13FA00E0EF2F /* Products */;
			projectDirPath = "";
			projectRoot = "";
			targets = (
				23BFD13B247D13FA00E0EF2F /* Salli */,
			);
		};
/* End PBXProject section */

/* Begin PBXResourcesBuildPhase section */
		23BFD13A247D13FA00E0EF2F /* Resources */ = {
			isa = PBXResourcesBuildPhase;
			buildActionMask = 2147483647;
			files = (
				23BFD14C247D13FD00E0EF2F /* LaunchScreen.storyboard in Resources */,
				23BFD149247D13FD00E0EF2F /* Assets.xcassets in Resources */,
				23BFD147247D13FA00E0EF2F /* Main.storyboard in Resources */,
				23F0AA38247FF2E70013F880 /* Settings.storyboard in Resources */,
			);
			runOnlyForDeploymentPostprocessing = 0;
		};
/* End PBXResourcesBuildPhase section */

/* Begin PBXSourcesBuildPhase section */
		23BFD138247D13FA00E0EF2F /* Sources */ = {
			isa = PBXSourcesBuildPhase;
			buildActionMask = 2147483647;
			files = (
				23BFD159247D318700E0EF2F /* Constants.swift in Sources */,
				23FBFE782484DBCD004E11B5 /* Model.swift in Sources */,
				23BBD40824822715003B0EC7 /* DataModel.xcdatamodeld in Sources */,
				23BFD15B247D342000E0EF2F /* PrayerTimesData.swift in Sources */,
				23BFD144247D13FA00E0EF2F /* TimesViewController.swift in Sources */,
				23BFD140247D13FA00E0EF2F /* AppDelegate.swift in Sources */,
				23BBD40D24826CA8003B0EC7 /* ImpossibleDatabaseStateError.swift in Sources */,
				23BFD15D247D37A200E0EF2F /* PrayerTimesManagerDelegate.swift in Sources */,
				23BFD142247D13FA00E0EF2F /* SceneDelegate.swift in Sources */,
				23F0AA36247FD78B0013F880 /* Time.swift in Sources */,
				23BFD156247D2EC000E0EF2F /* PrayerTimesManager.swift in Sources */,
				23BFD15F247D390C00E0EF2F /* PrayerTimesModel.swift in Sources */,
				23BBD40F24828950003B0EC7 /* SettingsViewController.swift in Sources */,
			);
			runOnlyForDeploymentPostprocessing = 0;
		};
/* End PBXSourcesBuildPhase section */

/* Begin PBXVariantGroup section */
		23BFD145247D13FA00E0EF2F /* Main.storyboard */ = {
			isa = PBXVariantGroup;
			children = (
				23BFD146247D13FA00E0EF2F /* Base */,
			);
			name = Main.storyboard;
			sourceTree = "<group>";
		};
		23BFD14A247D13FD00E0EF2F /* LaunchScreen.storyboard */ = {
			isa = PBXVariantGroup;
			children = (
				23BFD14B247D13FD00E0EF2F /* Base */,
			);
			name = LaunchScreen.storyboard;
			sourceTree = "<group>";
		};
/* End PBXVariantGroup section */

/* Begin XCBuildConfiguration section */
		23BFD14E247D13FD00E0EF2F /* Debug */ = {
			isa = XCBuildConfiguration;
			buildSettings = {
				ALWAYS_SEARCH_USER_PATHS = NO;
				CLANG_ANALYZER_NONNULL = YES;
				CLANG_ANALYZER_NUMBER_OBJECT_CONVERSION = YES_AGGRESSIVE;
				CLANG_CXX_LANGUAGE_STANDARD = "gnu++14";
				CLANG_CXX_LIBRARY = "libc++";
				CLANG_ENABLE_MODULES = YES;
				CLANG_ENABLE_OBJC_ARC = YES;
				CLANG_ENABLE_OBJC_WEAK = YES;
				CLANG_WARN_BLOCK_CAPTURE_AUTORELEASING = YES;
				CLANG_WARN_BOOL_CONVERSION = YES;
				CLANG_WARN_COMMA = YES;
				CLANG_WARN_CONSTANT_CONVERSION = YES;
				CLANG_WARN_DEPRECATED_OBJC_IMPLEMENTATIONS = YES;
				CLANG_WARN_DIRECT_OBJC_ISA_USAGE = YES_ERROR;
				CLANG_WARN_DOCUMENTATION_COMMENTS = YES;
				CLANG_WARN_EMPTY_BODY = YES;
				CLANG_WARN_ENUM_CONVERSION = YES;
				CLANG_WARN_INFINITE_RECURSION = YES;
				CLANG_WARN_INT_CONVERSION = YES;
				CLANG_WARN_NON_LITERAL_NULL_CONVERSION = YES;
				CLANG_WARN_OBJC_IMPLICIT_RETAIN_SELF = YES;
				CLANG_WARN_OBJC_LITERAL_CONVERSION = YES;
				CLANG_WARN_OBJC_ROOT_CLASS = YES_ERROR;
				CLANG_WARN_RANGE_LOOP_ANALYSIS = YES;
				CLANG_WARN_STRICT_PROTOTYPES = YES;
				CLANG_WARN_SUSPICIOUS_MOVE = YES;
				CLANG_WARN_UNGUARDED_AVAILABILITY = YES_AGGRESSIVE;
				CLANG_WARN_UNREACHABLE_CODE = YES;
				CLANG_WARN__DUPLICATE_METHOD_MATCH = YES;
				COPY_PHASE_STRIP = NO;
				DEBUG_INFORMATION_FORMAT = dwarf;
				ENABLE_STRICT_OBJC_MSGSEND = YES;
				ENABLE_TESTABILITY = YES;
				GCC_C_LANGUAGE_STANDARD = gnu11;
				GCC_DYNAMIC_NO_PIC = NO;
				GCC_NO_COMMON_BLOCKS = YES;
				GCC_OPTIMIZATION_LEVEL = 0;
				GCC_PREPROCESSOR_DEFINITIONS = (
					"DEBUG=1",
					"$(inherited)",
				);
				GCC_WARN_64_TO_32_BIT_CONVERSION = YES;
				GCC_WARN_ABOUT_RETURN_TYPE = YES_ERROR;
				GCC_WARN_UNDECLARED_SELECTOR = YES;
				GCC_WARN_UNINITIALIZED_AUTOS = YES_AGGRESSIVE;
				GCC_WARN_UNUSED_FUNCTION = YES;
				GCC_WARN_UNUSED_VARIABLE = YES;
				IPHONEOS_DEPLOYMENT_TARGET = 13.4;
				MTL_ENABLE_DEBUG_INFO = INCLUDE_SOURCE;
				MTL_FAST_MATH = YES;
				ONLY_ACTIVE_ARCH = YES;
				SDKROOT = iphoneos;
				SWIFT_ACTIVE_COMPILATION_CONDITIONS = DEBUG;
				SWIFT_OPTIMIZATION_LEVEL = "-Onone";
			};
			name = Debug;
		};
		23BFD14F247D13FD00E0EF2F /* Release */ = {
			isa = XCBuildConfiguration;
			buildSettings = {
				ALWAYS_SEARCH_USER_PATHS = NO;
				CLANG_ANALYZER_NONNULL = YES;
				CLANG_ANALYZER_NUMBER_OBJECT_CONVERSION = YES_AGGRESSIVE;
				CLANG_CXX_LANGUAGE_STANDARD = "gnu++14";
				CLANG_CXX_LIBRARY = "libc++";
				CLANG_ENABLE_MODULES = YES;
				CLANG_ENABLE_OBJC_ARC = YES;
				CLANG_ENABLE_OBJC_WEAK = YES;
				CLANG_WARN_BLOCK_CAPTURE_AUTORELEASING = YES;
				CLANG_WARN_BOOL_CONVERSION = YES;
				CLANG_WARN_COMMA = YES;
				CLANG_WARN_CONSTANT_CONVERSION = YES;
				CLANG_WARN_DEPRECATED_OBJC_IMPLEMENTATIONS = YES;
				CLANG_WARN_DIRECT_OBJC_ISA_USAGE = YES_ERROR;
				CLANG_WARN_DOCUMENTATION_COMMENTS = YES;
				CLANG_WARN_EMPTY_BODY = YES;
				CLANG_WARN_ENUM_CONVERSION = YES;
				CLANG_WARN_INFINITE_RECURSION = YES;
				CLANG_WARN_INT_CONVERSION = YES;
				CLANG_WARN_NON_LITERAL_NULL_CONVERSION = YES;
				CLANG_WARN_OBJC_IMPLICIT_RETAIN_SELF = YES;
				CLANG_WARN_OBJC_LITERAL_CONVERSION = YES;
				CLANG_WARN_OBJC_ROOT_CLASS = YES_ERROR;
				CLANG_WARN_RANGE_LOOP_ANALYSIS = YES;
				CLANG_WARN_STRICT_PROTOTYPES = YES;
				CLANG_WARN_SUSPICIOUS_MOVE = YES;
				CLANG_WARN_UNGUARDED_AVAILABILITY = YES_AGGRESSIVE;
				CLANG_WARN_UNREACHABLE_CODE = YES;
				CLANG_WARN__DUPLICATE_METHOD_MATCH = YES;
				COPY_PHASE_STRIP = NO;
				DEBUG_INFORMATION_FORMAT = "dwarf-with-dsym";
				ENABLE_NS_ASSERTIONS = NO;
				ENABLE_STRICT_OBJC_MSGSEND = YES;
				GCC_C_LANGUAGE_STANDARD = gnu11;
				GCC_NO_COMMON_BLOCKS = YES;
				GCC_WARN_64_TO_32_BIT_CONVERSION = YES;
				GCC_WARN_ABOUT_RETURN_TYPE = YES_ERROR;
				GCC_WARN_UNDECLARED_SELECTOR = YES;
				GCC_WARN_UNINITIALIZED_AUTOS = YES_AGGRESSIVE;
				GCC_WARN_UNUSED_FUNCTION = YES;
				GCC_WARN_UNUSED_VARIABLE = YES;
				IPHONEOS_DEPLOYMENT_TARGET = 13.4;
				MTL_ENABLE_DEBUG_INFO = NO;
				MTL_FAST_MATH = YES;
				SDKROOT = iphoneos;
				SWIFT_COMPILATION_MODE = wholemodule;
				SWIFT_OPTIMIZATION_LEVEL = "-O";
				VALIDATE_PRODUCT = YES;
			};
			name = Release;
		};
		23BFD151247D13FD00E0EF2F /* Debug */ = {
			isa = XCBuildConfiguration;
			buildSettings = {
				ASSETCATALOG_COMPILER_APPICON_NAME = AppIcon;
				CODE_SIGN_STYLE = Automatic;
				DEVELOPMENT_TEAM = 5X3PZ7P8YG;
				INFOPLIST_FILE = Salli/Info.plist;
				LD_RUNPATH_SEARCH_PATHS = (
					"$(inherited)",
					"@executable_path/Frameworks",
				);
				PRODUCT_BUNDLE_IDENTIFIER = com.omarkhodr.Salli;
				PRODUCT_NAME = "$(TARGET_NAME)";
				SWIFT_VERSION = 5.0;
				TARGETED_DEVICE_FAMILY = 1;
			};
			name = Debug;
		};
		23BFD152247D13FD00E0EF2F /* Release */ = {
			isa = XCBuildConfiguration;
			buildSettings = {
				ASSETCATALOG_COMPILER_APPICON_NAME = AppIcon;
				CODE_SIGN_STYLE = Automatic;
				DEVELOPMENT_TEAM = 5X3PZ7P8YG;
				INFOPLIST_FILE = Salli/Info.plist;
				LD_RUNPATH_SEARCH_PATHS = (
					"$(inherited)",
					"@executable_path/Frameworks",
				);
				PRODUCT_BUNDLE_IDENTIFIER = com.omarkhodr.Salli;
				PRODUCT_NAME = "$(TARGET_NAME)";
				SWIFT_VERSION = 5.0;
				TARGETED_DEVICE_FAMILY = 1;
			};
			name = Release;
		};
/* End XCBuildConfiguration section */

/* Begin XCConfigurationList section */
		23BFD137247D13FA00E0EF2F /* Build configuration list for PBXProject "Salli" */ = {
			isa = XCConfigurationList;
			buildConfigurations = (
				23BFD14E247D13FD00E0EF2F /* Debug */,
				23BFD14F247D13FD00E0EF2F /* Release */,
			);
			defaultConfigurationIsVisible = 0;
			defaultConfigurationName = Release;
		};
		23BFD150247D13FD00E0EF2F /* Build configuration list for PBXNativeTarget "Salli" */ = {
			isa = XCConfigurationList;
			buildConfigurations = (
				23BFD151247D13FD00E0EF2F /* Debug */,
				23BFD152247D13FD00E0EF2F /* Release */,
			);
			defaultConfigurationIsVisible = 0;
			defaultConfigurationName = Release;
		};
/* End XCConfigurationList section */

/* Begin XCVersionGroup section */
		23BBD40624822715003B0EC7 /* DataModel.xcdatamodeld */ = {
			isa = XCVersionGroup;
			children = (
				23BBD40724822715003B0EC7 /* DataModel.xcdatamodel */,
			);
			currentVersion = 23BBD40724822715003B0EC7 /* DataModel.xcdatamodel */;
			path = DataModel.xcdatamodeld;
			sourceTree = "<group>";
			versionGroupType = wrapper.xcdatamodel;
		};
/* End XCVersionGroup section */
	};
	rootObject = 23BFD134247D13FA00E0EF2F /* Project object */;
}
